
Microsoft Visual Studio Solution File, Format Version 12.00
# Visual Studio 15
VisualStudioVersion = 15.0.27004.2008
MinimumVisualStudioVersion = 10.0.40219.1
Project("{FAE04EC0-301F-11D3-BF4B-00C04F79EFBC}") = "vega.api", "vega.api\vega.api.csproj", "{45A5CC2F-F379-4C9D-8364-640EB3544E58}"
EndProject
Global
	GlobalSection(SolutionConfigurationPlatforms) = preSolution
		Debug|Any CPU = Debug|Any CPU
		Release|Any CPU = Release|Any CPU
	EndGlobalSection
	GlobalSection(ProjectConfigurationPlatforms) = postSolution
		{45A5CC2F-F379-4C9D-8364-640EB3544E58}.Debug|Any CPU.ActiveCfg = Debug|Any CPU
		{45A5CC2F-F379-4C9D-8364-640EB3544E58}.Debug|Any CPU.Build.0 = Debug|Any CPU
		{45A5CC2F-F379-4C9D-8364-640EB3544E58}.Release|Any CPU.ActiveCfg = Release|Any CPU
		{45A5CC2F-F379-4C9D-8364-640EB3544E58}.Release|Any CPU.Build.0 = Release|Any CPU
	EndGlobalSection
	GlobalSection(SolutionProperties) = preSolution
		HideSolutionNode = FALSE
	EndGlobalSection
	GlobalSection(ExtensibilityGlobals) = postSolution
		SolutionGuid = {046B9D5D-788A-4708-846B-7164223A1048}
	EndGlobalSection
EndGlobal
